# THIS IS AN AUTOGENERATED FILE. DO NOT EDIT THIS FILE DIRECTLY.
# yarn lockfile v1


"@babel/runtime@^7.14.5", "@babel/runtime@^7.17.2":
  version "7.17.9"
  resolved "https://registry.yarnpkg.com/@babel/runtime/-/runtime-7.17.9.tgz#d19fbf802d01a8cb6cf053a64e472d42c434ba72"
  integrity sha512-lSiBBvodq29uShpWGNbgFdKYNiFDo5/HIYsaCEY9ff4sb10x9jizo2+pRrSyF4jKZCXqgzuqBOQKbUm90gQwJg==
  dependencies:
    regenerator-runtime "^0.13.4"

html-escaper@^2.0.2:
  version "2.0.2"
  resolved "https://registry.yarnpkg.com/html-escaper/-/html-escaper-2.0.2.tgz#dfd60027da36a36dfcbe236262c00a5822681453"
  integrity sha512-H2iMtd0I4Mt5eYiapRdIDjp+XzelXQ0tFE4JS7YFwFevXXMmOp9myNrUvCg0D6ws8iqkRPBfKHgbwig1SmlLfg==

html-parse-stringify@^3.0.1:
  version "3.0.1"
  resolved "https://registry.yarnpkg.com/html-parse-stringify/-/html-parse-stringify-3.0.1.tgz#dfc1017347ce9f77c8141a507f233040c59c55d2"
  integrity sha512-KknJ50kTInJ7qIScF3jeaFRpMpE8/lfiTdzf/twXyPBLAGrLRTmkz3AdTnKeh40X8k9L2fdYwEp/42WGXIRGcg==
  dependencies:
    void-elements "3.1.0"

i18next@^21.6.16:
  version "21.6.16"
  resolved "https://registry.yarnpkg.com/i18next/-/i18next-21.6.16.tgz#8cff8c3ba2ffaf8438a8c83fe284083f15cf3941"
  integrity sha512-xJlzrVxG9CyAGsbMP1aKuiNr1Ed2m36KiTB7hjGMG2Zo4idfw3p9THUEu+GjBwIgEZ7F11ZbCzJcfv4uyfKNuw==
  dependencies:
    "@babel/runtime" "^7.17.2"

react-i18next@^11.16.7:
  version "11.16.7"
  resolved "https://registry.yarnpkg.com/react-i18next/-/react-i18next-11.16.7.tgz#8d0680b7f4c8e43f59996336b7183ad576a28df7"
  integrity sha512-7yotILJLnKfvUfrl/nt9eK9vFpVFjZPLWAwBzWL6XppSZZEvlmlKk0GBGDCAPfLfs8oND7WAbry8wGzdoiW5Nw==
  dependencies:
    "@babel/runtime" "^7.14.5"
    html-escaper "^2.0.2"
    html-parse-stringify "^3.0.1"

regenerator-runtime@^0.13.4:
  version "0.13.9"
  resolved "https://registry.yarnpkg.com/regenerator-runtime/-/regenerator-runtime-0.13.9.tgz#8925742a98ffd90814988d7566ad30ca3b263b52"
  integrity sha512-p3VT+cOEgxFsRRA9X4lkI1E+k2/CtnKtU4gcxyaCUreilL/vqI6CdZ3wxVUx3UOUg+gnUOQQcRI7BmSI656MYA==

void-elements@3.1.0:
  version "3.1.0"
  resolved "https://registry.yarnpkg.com/void-elements/-/void-elements-3.1.0.tgz#614f7fbf8d801f0bb5f0661f5b2f5785750e4f09"
  integrity sha1-YU9/v42AHwu18GYfWy9XhXUOTwk=
